{
  "lockfile_version": "1",
  "packages": {
    "bacon": {
      "resolved": "github:NixOS/nixpkgs/37ff64b7108517f8b6ba5705ee5085eac636a249?narHash=sha256-mBecwgUTWRgClJYqcF%2By4O1bY8PQHqeDpB%2BzsAn%2B%2FzA%3D#bacon",
      "source": "nixpkg"
    },
    "cargo-audit": {
      "resolved": "github:NixOS/nixpkgs/37ff64b7108517f8b6ba5705ee5085eac636a249?narHash=sha256-mBecwgUTWRgClJYqcF%2By4O1bY8PQHqeDpB%2BzsAn%2B%2FzA%3D#cargo-audit",
      "source": "nixpkg"
    },
    "cargo-bloat": {
      "resolved": "github:NixOS/nixpkgs/37ff64b7108517f8b6ba5705ee5085eac636a249?narHash=sha256-mBecwgUTWRgClJYqcF%2By4O1bY8PQHqeDpB%2BzsAn%2B%2FzA%3D#cargo-bloat",
      "source": "nixpkg"
    },
    "cargo-nextest": {
      "resolved": "github:NixOS/nixpkgs/37ff64b7108517f8b6ba5705ee5085eac636a249?narHash=sha256-mBecwgUTWRgClJYqcF%2By4O1bY8PQHqeDpB%2BzsAn%2B%2FzA%3D#cargo-nextest",
      "source": "nixpkg"
    },
    "cargo-udeps": {
      "resolved": "github:NixOS/nixpkgs/37ff64b7108517f8b6ba5705ee5085eac636a249?narHash=sha256-mBecwgUTWRgClJYqcF%2By4O1bY8PQHqeDpB%2BzsAn%2B%2FzA%3D#cargo-udeps",
      "source": "nixpkg"
    },
    "cargo-watch": {
      "resolved": "github:NixOS/nixpkgs/37ff64b7108517f8b6ba5705ee5085eac636a249?narHash=sha256-mBecwgUTWRgClJYqcF%2By4O1bY8PQHqeDpB%2BzsAn%2B%2FzA%3D#cargo-watch",
      "source": "nixpkg"
    },
    "cargo@latest": {
      "last_modified": "2025-07-28T17:09:23Z",
      "resolved": "github:NixOS/nixpkgs/648f70160c03151bc2121d179291337ad6bc564b#cargo",
      "source": "devbox-search",
      "version": "1.88.0",
      "systems": {
        "aarch64-darwin": {
          "outputs": [
            {
              "name": "out",
              "path": "/nix/store/3iyviwimri8mq0cqv4abg9mibkcyc1cy-cargo-1.88.0",
              "default": true
            }
          ],
          "store_path": "/nix/store/3iyviwimri8mq0cqv4abg9mibkcyc1cy-cargo-1.88.0"
        },
        "aarch64-linux": {
          "outputs": [
            {
              "name": "out",
              "path": "/nix/store/6w7lghpjhkd5pw9y0hnnmg5w341jswyd-cargo-1.88.0",
              "default": true
            }
          ],
          "store_path": "/nix/store/6w7lghpjhkd5pw9y0hnnmg5w341jswyd-cargo-1.88.0"
        },
        "x86_64-darwin": {
          "outputs": [
            {
              "name": "out",
              "path": "/nix/store/8kwb2jmbf9xjhr18nw8sa66c0kivsqc4-cargo-1.88.0",
              "default": true
            }
          ],
          "store_path": "/nix/store/8kwb2jmbf9xjhr18nw8sa66c0kivsqc4-cargo-1.88.0"
        },
        "x86_64-linux": {
          "outputs": [
            {
              "name": "out",
              "path": "/nix/store/kg6psfcz4vjcvv8bpyvw422vrndrcq50-cargo-1.88.0",
              "default": true
            }
          ],
          "store_path": "/nix/store/kg6psfcz4vjcvv8bpyvw422vrndrcq50-cargo-1.88.0"
        }
      }
    },
    "github:NixOS/nixpkgs/nixpkgs-unstable": {
      "last_modified": "2025-08-31T10:29:22Z",
      "resolved": "github:NixOS/nixpkgs/37ff64b7108517f8b6ba5705ee5085eac636a249?lastModified=1756636162&narHash=sha256-mBecwgUTWRgClJYqcF%2By4O1bY8PQHqeDpB%2BzsAn%2B%2FzA%3D"
    },
    "libiconv": {
      "resolved": "github:NixOS/nixpkgs/37ff64b7108517f8b6ba5705ee5085eac636a249?narHash=sha256-mBecwgUTWRgClJYqcF%2By4O1bY8PQHqeDpB%2BzsAn%2B%2FzA%3D#libiconv",
      "source": "nixpkg"
    },
    "openssl": {
      "resolved": "github:NixOS/nixpkgs/37ff64b7108517f8b6ba5705ee5085eac636a249?narHash=sha256-mBecwgUTWRgClJYqcF%2By4O1bY8PQHqeDpB%2BzsAn%2B%2FzA%3D#openssl",
      "source": "nixpkg"
    },
    "pkg-config": {
      "resolved": "github:NixOS/nixpkgs/37ff64b7108517f8b6ba5705ee5085eac636a249?narHash=sha256-mBecwgUTWRgClJYqcF%2By4O1bY8PQHqeDpB%2BzsAn%2B%2FzA%3D#pkg-config",
      "source": "nixpkg"
    },
    "rustc@latest": {
      "last_modified": "2025-07-28T17:09:23Z",
      "plugin_version": "0.0.1",
      "resolved": "github:NixOS/nixpkgs/648f70160c03151bc2121d179291337ad6bc564b#rustc",
      "source": "devbox-search",
      "version": "1.88.0",
      "systems": {
        "aarch64-darwin": {
          "outputs": [
            {
              "name": "out",
              "path": "/nix/store/3skm2cmdy8g31xbqz169lzsb7x9dvrk6-rustc-wrapper-1.88.0",
              "default": true
            },
            {
              "name": "man",
              "path": "/nix/store/zjq6arkcmxgl6ghjrwg57ay2m0qsjcbj-rustc-wrapper-1.88.0-man",
              "default": true
            },
            {
              "name": "doc",
              "path": "/nix/store/43jx4b5a1vzns6rlrm869zqzdkn2kfsz-rustc-wrapper-1.88.0-doc"
            }
          ],
          "store_path": "/nix/store/3skm2cmdy8g31xbqz169lzsb7x9dvrk6-rustc-wrapper-1.88.0"
        },
        "aarch64-linux": {
          "outputs": [
            {
              "name": "out",
              "path": "/nix/store/3w2lyncwvbic72pjch38830c6090fmpq-rustc-wrapper-1.88.0",
              "default": true
            },
            {
              "name": "man",
              "path": "/nix/store/39wlbfwhafzqqz4ivj126sxphfzsgd3s-rustc-wrapper-1.88.0-man",
              "default": true
            },
            {
              "name": "doc",
              "path": "/nix/store/a8m2n4byzxff2738rgynhk4m7m4z7lmh-rustc-wrapper-1.88.0-doc"
            }
          ],
          "store_path": "/nix/store/3w2lyncwvbic72pjch38830c6090fmpq-rustc-wrapper-1.88.0"
        },
        "x86_64-darwin": {
          "outputs": [
            {
              "name": "out",
              "path": "/nix/store/m0kv84sl58xd11fms81yl7ks5a6203zr-rustc-wrapper-1.88.0",
              "default": true
            },
            {
              "name": "man",
              "path": "/nix/store/g3sc5lw4c2f7gpxzdhrd5wjr0ddv0cig-rustc-wrapper-1.88.0-man",
              "default": true
            },
            {
              "name": "doc",
              "path": "/nix/store/bilr4glals1gdaa4fvqdd43sm233z1v7-rustc-wrapper-1.88.0-doc"
            }
          ],
          "store_path": "/nix/store/m0kv84sl58xd11fms81yl7ks5a6203zr-rustc-wrapper-1.88.0"
        },
        "x86_64-linux": {
          "outputs": [
            {
              "name": "out",
              "path": "/nix/store/i19xh91f80g01v4ad3x363g4538z2qx9-rustc-wrapper-1.88.0",
              "default": true
            },
            {
              "name": "man",
              "path": "/nix/store/y9vhsm8q6s0p6by0wy27j2fv2w7nb3r6-rustc-wrapper-1.88.0-man",
              "default": true
            },
            {
              "name": "doc",
              "path": "/nix/store/3hjn39rypqbfavrw0mc1whgz186isysr-rustc-wrapper-1.88.0-doc"
            }
          ],
          "store_path": "/nix/store/i19xh91f80g01v4ad3x363g4538z2qx9-rustc-wrapper-1.88.0"
        }
      }
    }
  }
}
